{
  "object": {
    "pins": [
      {
        "package": "Support",
        "repositoryURL": "https://github.com/zuhlke/Support.git",
        "state": {
          "branch": null,
          "revision": "9214caa06789fe04fdc5a8c3f5f1199564488981",
          "version": "2.2.2"
        }
      }
    ]
  },
  "version": 1
}
