{
  "object": {
    "pins": [
      {
        "package": "Support",
        "repositoryURL": "https://github.com/zuhlke/Support.git",
        "state": {
          "branch": null,
          "revision": "3b9dadd729edbd1403ba2870161f55b772c0a8e6",
          "version": "1.1.0"
        }
      }
    ]
  },
  "version": 1
}
