// !$*UTF8*$!
{
	archiveVersion = 1;
	classes = {
	};
	objectVersion = 50;
	objects = {

/* Begin PBXBuildFile section */
		892A372621D7D6EF00F32259 /* Expenditure.swift in Sources */ = {isa = PBXBuildFile; fileRef = 892A372521D7D6EF00F32259 /* Expenditure.swift */; };
		892A372821D7D76800F32259 /* Transfer.swift in Sources */ = {isa = PBXBuildFile; fileRef = 892A372721D7D76800F32259 /* Transfer.swift */; };
		8944602E2085EC1F0049667E /* Support.framework in Frameworks */ = {isa = PBXBuildFile; fileRef = 8944602D2085EC1F0049667E /* Support.framework */; };
		894460302085EC1F0049667E /* TestingSupport.framework in Frameworks */ = {isa = PBXBuildFile; fileRef = 8944602F2085EC1F0049667E /* TestingSupport.framework */; };
		894460312085EC5D0049667E /* Support.framework in Frameworks */ = {isa = PBXBuildFile; fileRef = 8944602D2085EC1F0049667E /* Support.framework */; };
		897055FD2074A55D0068C24D /* AccountantTests.swift in Sources */ = {isa = PBXBuildFile; fileRef = 897055FC2074A55D0068C24D /* AccountantTests.swift */; };
		898A3A612074A3C3004AB47F /* CostDivider.swift in Sources */ = {isa = PBXBuildFile; fileRef = 898A3A602074A3C3004AB47F /* CostDivider.swift */; };
		8999C9092074A22300D211DE /* Accountant.framework in Frameworks */ = {isa = PBXBuildFile; fileRef = 8999C8FF2074A22300D211DE /* Accountant.framework */; };
		899FB24A20835218009EC399 /* CostDividerTests.swift in Sources */ = {isa = PBXBuildFile; fileRef = 899FB24920835218009EC399 /* CostDividerTests.swift */; };
/* End PBXBuildFile section */

/* Begin PBXContainerItemProxy section */
		8999C90A2074A22300D211DE /* PBXContainerItemProxy */ = {
			isa = PBXContainerItemProxy;
			containerPortal = 8999C8F62074A22300D211DE /* Project object */;
			proxyType = 1;
			remoteGlobalIDString = 8999C8FE2074A22300D211DE;
			remoteInfo = Accountant;
		};
/* End PBXContainerItemProxy section */

/* Begin PBXFileReference section */
		892A372521D7D6EF00F32259 /* Expenditure.swift */ = {isa = PBXFileReference; lastKnownFileType = sourcecode.swift; path = Expenditure.swift; sourceTree = "<group>"; };
		892A372721D7D76800F32259 /* Transfer.swift */ = {isa = PBXFileReference; lastKnownFileType = sourcecode.swift; path = Transfer.swift; sourceTree = "<group>"; };
		8944602D2085EC1F0049667E /* Support.framework */ = {isa = PBXFileReference; explicitFileType = wrapper.framework; path = Support.framework; sourceTree = BUILT_PRODUCTS_DIR; };
		8944602F2085EC1F0049667E /* TestingSupport.framework */ = {isa = PBXFileReference; explicitFileType = wrapper.framework; path = TestingSupport.framework; sourceTree = BUILT_PRODUCTS_DIR; };
		897055FC2074A55D0068C24D /* AccountantTests.swift */ = {isa = PBXFileReference; lastKnownFileType = sourcecode.swift; path = AccountantTests.swift; sourceTree = "<group>"; };
		898A3A602074A3C3004AB47F /* CostDivider.swift */ = {isa = PBXFileReference; lastKnownFileType = sourcecode.swift; path = CostDivider.swift; sourceTree = "<group>"; };
		8999C8FF2074A22300D211DE /* Accountant.framework */ = {isa = PBXFileReference; explicitFileType = wrapper.framework; includeInIndex = 0; path = Accountant.framework; sourceTree = BUILT_PRODUCTS_DIR; };
		8999C9032074A22300D211DE /* Info.plist */ = {isa = PBXFileReference; lastKnownFileType = text.plist.xml; path = Info.plist; sourceTree = "<group>"; };
		8999C9082074A22300D211DE /* AccountantTests.xctest */ = {isa = PBXFileReference; explicitFileType = wrapper.cfbundle; includeInIndex = 0; path = AccountantTests.xctest; sourceTree = BUILT_PRODUCTS_DIR; };
		8999C90F2074A22300D211DE /* Info.plist */ = {isa = PBXFileReference; lastKnownFileType = text.plist.xml; path = Info.plist; sourceTree = "<group>"; };
		899FB2382079490F009EC399 /* Debug.xcconfig */ = {isa = PBXFileReference; lastKnownFileType = text.xcconfig; path = Debug.xcconfig; sourceTree = "<group>"; };
		899FB2392079490F009EC399 /* Release.xcconfig */ = {isa = PBXFileReference; lastKnownFileType = text.xcconfig; path = Release.xcconfig; sourceTree = "<group>"; };
		899FB23B2079490F009EC399 /* OSX.xcconfig */ = {isa = PBXFileReference; lastKnownFileType = text.xcconfig; path = OSX.xcconfig; sourceTree = "<group>"; };
		899FB23C2079490F009EC399 /* iOS.xcconfig */ = {isa = PBXFileReference; lastKnownFileType = text.xcconfig; path = iOS.xcconfig; sourceTree = "<group>"; };
		899FB23E2079490F009EC399 /* App.xcconfig */ = {isa = PBXFileReference; lastKnownFileType = text.xcconfig; path = App.xcconfig; sourceTree = "<group>"; };
		899FB23F2079490F009EC399 /* Framework.xcconfig */ = {isa = PBXFileReference; lastKnownFileType = text.xcconfig; path = Framework.xcconfig; sourceTree = "<group>"; };
		899FB2402079490F009EC399 /* UITest.xcconfig */ = {isa = PBXFileReference; lastKnownFileType = text.xcconfig; path = UITest.xcconfig; sourceTree = "<group>"; };
		899FB2412079490F009EC399 /* Test.xcconfig */ = {isa = PBXFileReference; lastKnownFileType = text.xcconfig; path = Test.xcconfig; sourceTree = "<group>"; };
		899FB2422079490F009EC399 /* Project.xcconfig */ = {isa = PBXFileReference; lastKnownFileType = text.xcconfig; path = Project.xcconfig; sourceTree = "<group>"; };
		899FB24420834570009EC399 /* Accountant.xcconfig */ = {isa = PBXFileReference; lastKnownFileType = text.xcconfig; path = Accountant.xcconfig; sourceTree = "<group>"; };
		899FB24620834B33009EC399 /* AccountantTests.xcconfig */ = {isa = PBXFileReference; lastKnownFileType = text.xcconfig; path = AccountantTests.xcconfig; sourceTree = "<group>"; };
		899FB24920835218009EC399 /* CostDividerTests.swift */ = {isa = PBXFileReference; lastKnownFileType = sourcecode.swift; path = CostDividerTests.swift; sourceTree = "<group>"; };
/* End PBXFileReference section */

/* Begin PBXFrameworksBuildPhase section */
		8999C8FB2074A22300D211DE /* Frameworks */ = {
			isa = PBXFrameworksBuildPhase;
			buildActionMask = 2147483647;
			files = (
				894460312085EC5D0049667E /* Support.framework in Frameworks */,
			);
			runOnlyForDeploymentPostprocessing = 0;
		};
		8999C9052074A22300D211DE /* Frameworks */ = {
			isa = PBXFrameworksBuildPhase;
			buildActionMask = 2147483647;
			files = (
				8944602E2085EC1F0049667E /* Support.framework in Frameworks */,
				894460302085EC1F0049667E /* TestingSupport.framework in Frameworks */,
				8999C9092074A22300D211DE /* Accountant.framework in Frameworks */,
			);
			runOnlyForDeploymentPostprocessing = 0;
		};
/* End PBXFrameworksBuildPhase section */

/* Begin PBXGroup section */
		8944602A2085EC0E0049667E /* Frameworks */ = {
			isa = PBXGroup;
			children = (
				8944602D2085EC1F0049667E /* Support.framework */,
				8944602F2085EC1F0049667E /* TestingSupport.framework */,
			);
			name = Frameworks;
			sourceTree = "<group>";
		};
		897055FE2074A56B0068C24D /* Sources */ = {
			isa = PBXGroup;
			children = (
				897055FC2074A55D0068C24D /* AccountantTests.swift */,
				899FB24920835218009EC399 /* CostDividerTests.swift */,
			);
			path = Sources;
			sourceTree = "<group>";
		};
		8999C8F52074A22300D211DE = {
			isa = PBXGroup;
			children = (
				8999C9012074A22300D211DE /* Accountant */,
				8999C90C2074A22300D211DE /* AccountantTests */,
				899FB2352079490F009EC399 /* Shared */,
				8999C9002074A22300D211DE /* Products */,
				8944602A2085EC0E0049667E /* Frameworks */,
			);
			sourceTree = "<group>";
		};
		8999C9002074A22300D211DE /* Products */ = {
			isa = PBXGroup;
			children = (
				8999C8FF2074A22300D211DE /* Accountant.framework */,
				8999C9082074A22300D211DE /* AccountantTests.xctest */,
			);
			name = Products;
			sourceTree = "<group>";
		};
		8999C9012074A22300D211DE /* Accountant */ = {
			isa = PBXGroup;
			children = (
				8999C9192074A24500D211DE /* Sources */,
				899FB2432083455A009EC399 /* Configurations */,
			);
			path = Accountant;
			sourceTree = "<group>";
		};
		8999C90C2074A22300D211DE /* AccountantTests */ = {
			isa = PBXGroup;
			children = (
				897055FE2074A56B0068C24D /* Sources */,
				899FB24520834B0E009EC399 /* Configurations */,
			);
			path = AccountantTests;
			sourceTree = "<group>";
		};
		8999C9192074A24500D211DE /* Sources */ = {
			isa = PBXGroup;
			children = (
				892A372521D7D6EF00F32259 /* Expenditure.swift */,
				898A3A602074A3C3004AB47F /* CostDivider.swift */,
				892A372721D7D76800F32259 /* Transfer.swift */,
			);
			path = Sources;
			sourceTree = "<group>";
		};
		899FB2352079490F009EC399 /* Shared */ = {
			isa = PBXGroup;
			children = (
				899FB2362079490F009EC399 /* Configurations */,
			);
			name = Shared;
			path = ../Shared;
			sourceTree = "<group>";
		};
		899FB2362079490F009EC399 /* Configurations */ = {
			isa = PBXGroup;
			children = (
				899FB2372079490F009EC399 /* Configurations */,
				899FB23A2079490F009EC399 /* Platforms */,
				899FB23D2079490F009EC399 /* Targets */,
				899FB2422079490F009EC399 /* Project.xcconfig */,
			);
			path = Configurations;
			sourceTree = "<group>";
		};
		899FB2372079490F009EC399 /* Configurations */ = {
			isa = PBXGroup;
			children = (
				899FB2382079490F009EC399 /* Debug.xcconfig */,
				899FB2392079490F009EC399 /* Release.xcconfig */,
			);
			path = Configurations;
			sourceTree = "<group>";
		};
		899FB23A2079490F009EC399 /* Platforms */ = {
			isa = PBXGroup;
			children = (
				899FB23B2079490F009EC399 /* OSX.xcconfig */,
				899FB23C2079490F009EC399 /* iOS.xcconfig */,
			);
			path = Platforms;
			sourceTree = "<group>";
		};
		899FB23D2079490F009EC399 /* Targets */ = {
			isa = PBXGroup;
			children = (
				899FB23E2079490F009EC399 /* App.xcconfig */,
				899FB23F2079490F009EC399 /* Framework.xcconfig */,
				899FB2402079490F009EC399 /* UITest.xcconfig */,
				899FB2412079490F009EC399 /* Test.xcconfig */,
			);
			path = Targets;
			sourceTree = "<group>";
		};
		899FB2432083455A009EC399 /* Configurations */ = {
			isa = PBXGroup;
			children = (
				8999C9032074A22300D211DE /* Info.plist */,
				899FB24420834570009EC399 /* Accountant.xcconfig */,
			);
			path = Configurations;
			sourceTree = "<group>";
		};
		899FB24520834B0E009EC399 /* Configurations */ = {
			isa = PBXGroup;
			children = (
				8999C90F2074A22300D211DE /* Info.plist */,
				899FB24620834B33009EC399 /* AccountantTests.xcconfig */,
			);
			path = Configurations;
			sourceTree = "<group>";
		};
/* End PBXGroup section */

/* Begin PBXHeadersBuildPhase section */
		8999C8FC2074A22300D211DE /* Headers */ = {
			isa = PBXHeadersBuildPhase;
			buildActionMask = 2147483647;
			files = (
			);
			runOnlyForDeploymentPostprocessing = 0;
		};
/* End PBXHeadersBuildPhase section */

/* Begin PBXNativeTarget section */
		8999C8FE2074A22300D211DE /* Accountant */ = {
			isa = PBXNativeTarget;
			buildConfigurationList = 8999C9132074A22300D211DE /* Build configuration list for PBXNativeTarget "Accountant" */;
			buildPhases = (
				8999C8FA2074A22300D211DE /* Sources */,
				8999C8FB2074A22300D211DE /* Frameworks */,
				8999C8FC2074A22300D211DE /* Headers */,
				8999C8FD2074A22300D211DE /* Resources */,
			);
			buildRules = (
			);
			dependencies = (
			);
			name = Accountant;
			productName = Accountant;
			productReference = 8999C8FF2074A22300D211DE /* Accountant.framework */;
			productType = "com.apple.product-type.framework";
		};
		8999C9072074A22300D211DE /* AccountantTests */ = {
			isa = PBXNativeTarget;
			buildConfigurationList = 8999C9162074A22300D211DE /* Build configuration list for PBXNativeTarget "AccountantTests" */;
			buildPhases = (
				8999C9042074A22300D211DE /* Sources */,
				8999C9052074A22300D211DE /* Frameworks */,
				8999C9062074A22300D211DE /* Resources */,
			);
			buildRules = (
			);
			dependencies = (
				8999C90B2074A22300D211DE /* PBXTargetDependency */,
			);
			name = AccountantTests;
			productName = AccountantTests;
			productReference = 8999C9082074A22300D211DE /* AccountantTests.xctest */;
			productType = "com.apple.product-type.bundle.unit-test";
		};
/* End PBXNativeTarget section */

/* Begin PBXProject section */
		8999C8F62074A22300D211DE /* Project object */ = {
			isa = PBXProject;
			attributes = {
				LastSwiftUpdateCheck = 0930;
				LastUpgradeCheck = 0930;
				ORGANIZATIONNAME = "Mohsen Ramezanpoor";
				TargetAttributes = {
					8999C8FE2074A22300D211DE = {
						CreatedOnToolsVersion = 9.3;
						LastSwiftMigration = 0930;
					};
					8999C9072074A22300D211DE = {
						CreatedOnToolsVersion = 9.3;
					};
				};
			};
			buildConfigurationList = 8999C8F92074A22300D211DE /* Build configuration list for PBXProject "Accountant" */;
			compatibilityVersion = "Xcode 9.3";
			developmentRegion = en;
			hasScannedForEncodings = 0;
			knownRegions = (
				en,
			);
			mainGroup = 8999C8F52074A22300D211DE;
			productRefGroup = 8999C9002074A22300D211DE /* Products */;
			projectDirPath = "";
			projectRoot = "";
			targets = (
				8999C8FE2074A22300D211DE /* Accountant */,
				8999C9072074A22300D211DE /* AccountantTests */,
			);
		};
/* End PBXProject section */

/* Begin PBXResourcesBuildPhase section */
		8999C8FD2074A22300D211DE /* Resources */ = {
			isa = PBXResourcesBuildPhase;
			buildActionMask = 2147483647;
			files = (
			);
			runOnlyForDeploymentPostprocessing = 0;
		};
		8999C9062074A22300D211DE /* Resources */ = {
			isa = PBXResourcesBuildPhase;
			buildActionMask = 2147483647;
			files = (
			);
			runOnlyForDeploymentPostprocessing = 0;
		};
/* End PBXResourcesBuildPhase section */

/* Begin PBXSourcesBuildPhase section */
		8999C8FA2074A22300D211DE /* Sources */ = {
			isa = PBXSourcesBuildPhase;
			buildActionMask = 2147483647;
			files = (
				898A3A612074A3C3004AB47F /* CostDivider.swift in Sources */,
				892A372821D7D76800F32259 /* Transfer.swift in Sources */,
				892A372621D7D6EF00F32259 /* Expenditure.swift in Sources */,
			);
			runOnlyForDeploymentPostprocessing = 0;
		};
		8999C9042074A22300D211DE /* Sources */ = {
			isa = PBXSourcesBuildPhase;
			buildActionMask = 2147483647;
			files = (
				899FB24A20835218009EC399 /* CostDividerTests.swift in Sources */,
				897055FD2074A55D0068C24D /* AccountantTests.swift in Sources */,
			);
			runOnlyForDeploymentPostprocessing = 0;
		};
/* End PBXSourcesBuildPhase section */

/* Begin PBXTargetDependency section */
		8999C90B2074A22300D211DE /* PBXTargetDependency */ = {
			isa = PBXTargetDependency;
			target = 8999C8FE2074A22300D211DE /* Accountant */;
			targetProxy = 8999C90A2074A22300D211DE /* PBXContainerItemProxy */;
		};
/* End PBXTargetDependency section */

/* Begin XCBuildConfiguration section */
		8999C9112074A22300D211DE /* Debug */ = {
			isa = XCBuildConfiguration;
			baseConfigurationReference = 899FB2382079490F009EC399 /* Debug.xcconfig */;
			buildSettings = {
			};
			name = Debug;
		};
		8999C9122074A22300D211DE /* Release */ = {
			isa = XCBuildConfiguration;
			baseConfigurationReference = 899FB2392079490F009EC399 /* Release.xcconfig */;
			buildSettings = {
			};
			name = Release;
		};
		8999C9142074A22300D211DE /* Debug */ = {
			isa = XCBuildConfiguration;
			baseConfigurationReference = 899FB24420834570009EC399 /* Accountant.xcconfig */;
			buildSettings = {
			};
			name = Debug;
		};
		8999C9152074A22300D211DE /* Release */ = {
			isa = XCBuildConfiguration;
			baseConfigurationReference = 899FB24420834570009EC399 /* Accountant.xcconfig */;
			buildSettings = {
			};
			name = Release;
		};
		8999C9172074A22300D211DE /* Debug */ = {
			isa = XCBuildConfiguration;
			baseConfigurationReference = 899FB24620834B33009EC399 /* AccountantTests.xcconfig */;
			buildSettings = {
			};
			name = Debug;
		};
		8999C9182074A22300D211DE /* Release */ = {
			isa = XCBuildConfiguration;
			baseConfigurationReference = 899FB24620834B33009EC399 /* AccountantTests.xcconfig */;
			buildSettings = {
			};
			name = Release;
		};
/* End XCBuildConfiguration section */

/* Begin XCConfigurationList section */
		8999C8F92074A22300D211DE /* Build configuration list for PBXProject "Accountant" */ = {
			isa = XCConfigurationList;
			buildConfigurations = (
				8999C9112074A22300D211DE /* Debug */,
				8999C9122074A22300D211DE /* Release */,
			);
			defaultConfigurationIsVisible = 0;
			defaultConfigurationName = Release;
		};
		8999C9132074A22300D211DE /* Build configuration list for PBXNativeTarget "Accountant" */ = {
			isa = XCConfigurationList;
			buildConfigurations = (
				8999C9142074A22300D211DE /* Debug */,
				8999C9152074A22300D211DE /* Release */,
			);
			defaultConfigurationIsVisible = 0;
			defaultConfigurationName = Release;
		};
		8999C9162074A22300D211DE /* Build configuration list for PBXNativeTarget "AccountantTests" */ = {
			isa = XCConfigurationList;
			buildConfigurations = (
				8999C9172074A22300D211DE /* Debug */,
				8999C9182074A22300D211DE /* Release */,
			);
			defaultConfigurationIsVisible = 0;
			defaultConfigurationName = Release;
		};
/* End XCConfigurationList section */
	};
	rootObject = 8999C8F62074A22300D211DE /* Project object */;
}
